// !$*UTF8*$!
{
	archiveVersion = 1;
	classes = {
	};
	objectVersion = 56;
	objects = {

/* Begin PBXBuildFile section */
		84075B432B75120000BAA48F /* ListsVC.swift in Sources */ = {isa = PBXBuildFile; fileRef = 84075B422B75120000BAA48F /* ListsVC.swift */; };
		84075B452B75149700BAA48F /* ListsScreen.swift in Sources */ = {isa = PBXBuildFile; fileRef = 84075B442B75149700BAA48F /* ListsScreen.swift */; };
		84075B482B75C15B00BAA48F /* ListsTableViewCell.swift in Sources */ = {isa = PBXBuildFile; fileRef = 84075B472B75C15B00BAA48F /* ListsTableViewCell.swift */; };
		8415667D2B65603F002EA446 /* ProductsTableViewCell.swift in Sources */ = {isa = PBXBuildFile; fileRef = 8415667C2B65603F002EA446 /* ProductsTableViewCell.swift */; };
		841566802B66C05D002EA446 /* NewListViewModel.swift in Sources */ = {isa = PBXBuildFile; fileRef = 8415667F2B66C05D002EA446 /* NewListViewModel.swift */; };
		842CAEF22B7300FD00472D9D /* Alert.swift in Sources */ = {isa = PBXBuildFile; fileRef = 842CAEF12B7300FD00472D9D /* Alert.swift */; };
		844341392B7D649F00FACA26 /* List+CoreDataClass.swift in Sources */ = {isa = PBXBuildFile; fileRef = 844341352B7D649F00FACA26 /* List+CoreDataClass.swift */; };
		8443413A2B7D649F00FACA26 /* List+CoreDataProperties.swift in Sources */ = {isa = PBXBuildFile; fileRef = 844341362B7D649F00FACA26 /* List+CoreDataProperties.swift */; };
		8443413B2B7D649F00FACA26 /* Product+CoreDataClass.swift in Sources */ = {isa = PBXBuildFile; fileRef = 844341372B7D649F00FACA26 /* Product+CoreDataClass.swift */; };
		8443413C2B7D649F00FACA26 /* Product+CoreDataProperties.swift in Sources */ = {isa = PBXBuildFile; fileRef = 844341382B7D649F00FACA26 /* Product+CoreDataProperties.swift */; };
		8451BE052B4777BF00089F8E /* NewListScreen.swift in Sources */ = {isa = PBXBuildFile; fileRef = 8451BE042B4777BF00089F8E /* NewListScreen.swift */; };
		8465BD522B7C0401007EA1B6 /* VKCheckbox.swift in Sources */ = {isa = PBXBuildFile; fileRef = 8465BD512B7C0401007EA1B6 /* VKCheckbox.swift */; };
		849A80FB2B339BAB00D4F3B6 /* AppDelegate.swift in Sources */ = {isa = PBXBuildFile; fileRef = 849A80FA2B339BAB00D4F3B6 /* AppDelegate.swift */; };
		849A80FD2B339BAB00D4F3B6 /* SceneDelegate.swift in Sources */ = {isa = PBXBuildFile; fileRef = 849A80FC2B339BAB00D4F3B6 /* SceneDelegate.swift */; };
		849A80FF2B339BAB00D4F3B6 /* HomeVC.swift in Sources */ = {isa = PBXBuildFile; fileRef = 849A80FE2B339BAB00D4F3B6 /* HomeVC.swift */; };
		849A81142B34ED0F00D4F3B6 /* UIColor + Extension.swift in Sources */ = {isa = PBXBuildFile; fileRef = 849A81132B34ED0F00D4F3B6 /* UIColor + Extension.swift */; };
		849A81162B3612C900D4F3B6 /* HomeScreen.swift in Sources */ = {isa = PBXBuildFile; fileRef = 849A81152B3612C900D4F3B6 /* HomeScreen.swift */; };
		849A81182B372A8600D4F3B6 /* UIView + Extension.swift in Sources */ = {isa = PBXBuildFile; fileRef = 849A81172B372A8600D4F3B6 /* UIView + Extension.swift */; };
		849A811A2B372D8700D4F3B6 /* UIButton + Extension.swift in Sources */ = {isa = PBXBuildFile; fileRef = 849A81192B372D8700D4F3B6 /* UIButton + Extension.swift */; };
		849A811F2B3871FA00D4F3B6 /* NewListVC.swift in Sources */ = {isa = PBXBuildFile; fileRef = 849A811E2B3871FA00D4F3B6 /* NewListVC.swift */; };
		84B6C2AA2B48953C000FC6BC /* UITextField + Extension.swift in Sources */ = {isa = PBXBuildFile; fileRef = 84B6C2A92B48953C000FC6BC /* UITextField + Extension.swift */; };
		84FF138D2B744A2F00B6CC27 /* ListaComprasAppCoreData.xcdatamodeld in Sources */ = {isa = PBXBuildFile; fileRef = 84FF138B2B744A2F00B6CC27 /* ListaComprasAppCoreData.xcdatamodeld */; };
/* End PBXBuildFile section */

/* Begin PBXFileReference section */
		84075B422B75120000BAA48F /* ListsVC.swift */ = {isa = PBXFileReference; lastKnownFileType = sourcecode.swift; path = ListsVC.swift; sourceTree = "<group>"; };
		84075B442B75149700BAA48F /* ListsScreen.swift */ = {isa = PBXFileReference; lastKnownFileType = sourcecode.swift; path = ListsScreen.swift; sourceTree = "<group>"; };
		84075B472B75C15B00BAA48F /* ListsTableViewCell.swift */ = {isa = PBXFileReference; lastKnownFileType = sourcecode.swift; path = ListsTableViewCell.swift; sourceTree = "<group>"; };
		8415667C2B65603F002EA446 /* ProductsTableViewCell.swift */ = {isa = PBXFileReference; lastKnownFileType = sourcecode.swift; path = ProductsTableViewCell.swift; sourceTree = "<group>"; };
		8415667F2B66C05D002EA446 /* NewListViewModel.swift */ = {isa = PBXFileReference; lastKnownFileType = sourcecode.swift; path = NewListViewModel.swift; sourceTree = "<group>"; };
		842CAEF12B7300FD00472D9D /* Alert.swift */ = {isa = PBXFileReference; lastKnownFileType = sourcecode.swift; path = Alert.swift; sourceTree = "<group>"; };
		844341352B7D649F00FACA26 /* List+CoreDataClass.swift */ = {isa = PBXFileReference; lastKnownFileType = sourcecode.swift; path = "List+CoreDataClass.swift"; sourceTree = "<group>"; };
		844341362B7D649F00FACA26 /* List+CoreDataProperties.swift */ = {isa = PBXFileReference; lastKnownFileType = sourcecode.swift; path = "List+CoreDataProperties.swift"; sourceTree = "<group>"; };
		844341372B7D649F00FACA26 /* Product+CoreDataClass.swift */ = {isa = PBXFileReference; lastKnownFileType = sourcecode.swift; path = "Product+CoreDataClass.swift"; sourceTree = "<group>"; };
		844341382B7D649F00FACA26 /* Product+CoreDataProperties.swift */ = {isa = PBXFileReference; lastKnownFileType = sourcecode.swift; path = "Product+CoreDataProperties.swift"; sourceTree = "<group>"; };
		8451BE042B4777BF00089F8E /* NewListScreen.swift */ = {isa = PBXFileReference; lastKnownFileType = sourcecode.swift; path = NewListScreen.swift; sourceTree = "<group>"; };
		8465BD512B7C0401007EA1B6 /* VKCheckbox.swift */ = {isa = PBXFileReference; lastKnownFileType = sourcecode.swift; path = VKCheckbox.swift; sourceTree = "<group>"; };
		849A80F72B339BAB00D4F3B6 /* ListaComprasApp.app */ = {isa = PBXFileReference; explicitFileType = wrapper.application; includeInIndex = 0; path = ListaComprasApp.app; sourceTree = BUILT_PRODUCTS_DIR; };
		849A80FA2B339BAB00D4F3B6 /* AppDelegate.swift */ = {isa = PBXFileReference; lastKnownFileType = sourcecode.swift; path = AppDelegate.swift; sourceTree = "<group>"; };
		849A80FC2B339BAB00D4F3B6 /* SceneDelegate.swift */ = {isa = PBXFileReference; lastKnownFileType = sourcecode.swift; path = SceneDelegate.swift; sourceTree = "<group>"; };
		849A80FE2B339BAB00D4F3B6 /* HomeVC.swift */ = {isa = PBXFileReference; lastKnownFileType = sourcecode.swift; path = HomeVC.swift; sourceTree = "<group>"; };
		849A81032B339BAC00D4F3B6 /* Assets.xcassets */ = {isa = PBXFileReference; lastKnownFileType = folder.assetcatalog; path = Assets.xcassets; sourceTree = "<group>"; };
		849A81062B339BAC00D4F3B6 /* Base */ = {isa = PBXFileReference; lastKnownFileType = file.storyboard; name = Base; path = Base.lproj/LaunchScreen.storyboard; sourceTree = "<group>"; };
		849A81082B339BAC00D4F3B6 /* Info.plist */ = {isa = PBXFileReference; lastKnownFileType = text.plist.xml; path = Info.plist; sourceTree = "<group>"; };
		849A81132B34ED0F00D4F3B6 /* UIColor + Extension.swift */ = {isa = PBXFileReference; lastKnownFileType = sourcecode.swift; path = "UIColor + Extension.swift"; sourceTree = "<group>"; };
		849A81152B3612C900D4F3B6 /* HomeScreen.swift */ = {isa = PBXFileReference; lastKnownFileType = sourcecode.swift; path = HomeScreen.swift; sourceTree = "<group>"; };
		849A81172B372A8600D4F3B6 /* UIView + Extension.swift */ = {isa = PBXFileReference; lastKnownFileType = sourcecode.swift; path = "UIView + Extension.swift"; sourceTree = "<group>"; };
		849A81192B372D8700D4F3B6 /* UIButton + Extension.swift */ = {isa = PBXFileReference; lastKnownFileType = sourcecode.swift; path = "UIButton + Extension.swift"; sourceTree = "<group>"; };
		849A811E2B3871FA00D4F3B6 /* NewListVC.swift */ = {isa = PBXFileReference; lastKnownFileType = sourcecode.swift; path = NewListVC.swift; sourceTree = "<group>"; };
		84B6C2A92B48953C000FC6BC /* UITextField + Extension.swift */ = {isa = PBXFileReference; lastKnownFileType = sourcecode.swift; path = "UITextField + Extension.swift"; sourceTree = "<group>"; };
		84FF138C2B744A2F00B6CC27 /* ListaComprasAppCoreData.xcdatamodel */ = {isa = PBXFileReference; lastKnownFileType = wrapper.xcdatamodel; path = ListaComprasAppCoreData.xcdatamodel; sourceTree = "<group>"; };
/* End PBXFileReference section */

/* Begin PBXFrameworksBuildPhase section */
		849A80F42B339BAB00D4F3B6 /* Frameworks */ = {
			isa = PBXFrameworksBuildPhase;
			buildActionMask = 2147483647;
			files = (
			);
			runOnlyForDeploymentPostprocessing = 0;
		};
/* End PBXFrameworksBuildPhase section */

/* Begin PBXGroup section */
		84075B402B7511B200BAA48F /* ListsVC */ = {
			isa = PBXGroup;
			children = (
				84075B462B75C12E00BAA48F /* Cell */,
				84075B412B7511CB00BAA48F /* Screen */,
				84075B422B75120000BAA48F /* ListsVC.swift */,
			);
			path = ListsVC;
			sourceTree = "<group>";
		};
		84075B412B7511CB00BAA48F /* Screen */ = {
			isa = PBXGroup;
			children = (
				84075B442B75149700BAA48F /* ListsScreen.swift */,
			);
			path = Screen;
			sourceTree = "<group>";
		};
		84075B462B75C12E00BAA48F /* Cell */ = {
			isa = PBXGroup;
			children = (
				84075B472B75C15B00BAA48F /* ListsTableViewCell.swift */,
			);
			path = Cell;
			sourceTree = "<group>";
		};
		841566792B655FBB002EA446 /* Screen */ = {
			isa = PBXGroup;
			children = (
				8451BE042B4777BF00089F8E /* NewListScreen.swift */,
			);
			path = Screen;
			sourceTree = "<group>";
		};
		8415667A2B655FC9002EA446 /* Screen */ = {
			isa = PBXGroup;
			children = (
				849A81152B3612C900D4F3B6 /* HomeScreen.swift */,
			);
			path = Screen;
			sourceTree = "<group>";
		};
		8415667B2B65601D002EA446 /* Cell */ = {
			isa = PBXGroup;
			children = (
				8415667C2B65603F002EA446 /* ProductsTableViewCell.swift */,
			);
			path = Cell;
			sourceTree = "<group>";
		};
		8415667E2B66C043002EA446 /* ViewModel */ = {
			isa = PBXGroup;
			children = (
				8415667F2B66C05D002EA446 /* NewListViewModel.swift */,
			);
			path = ViewModel;
			sourceTree = "<group>";
		};
		842CAEF02B7300F300472D9D /* Alert */ = {
			isa = PBXGroup;
			children = (
				842CAEF12B7300FD00472D9D /* Alert.swift */,
			);
			path = Alert;
			sourceTree = "<group>";
		};
		8465BD502B7C03DD007EA1B6 /* Checkbox */ = {
			isa = PBXGroup;
			children = (
				8465BD512B7C0401007EA1B6 /* VKCheckbox.swift */,
			);
			path = Checkbox;
			sourceTree = "<group>";
		};
		849A80EE2B339BAB00D4F3B6 = {
			isa = PBXGroup;
			children = (
				849A80F92B339BAB00D4F3B6 /* ListaComprasApp */,
				849A80F82B339BAB00D4F3B6 /* Products */,
			);
			sourceTree = "<group>";
		};
		849A80F82B339BAB00D4F3B6 /* Products */ = {
			isa = PBXGroup;
			children = (
				849A80F72B339BAB00D4F3B6 /* ListaComprasApp.app */,
			);
			name = Products;
			sourceTree = "<group>";
		};
		849A80F92B339BAB00D4F3B6 /* ListaComprasApp */ = {
			isa = PBXGroup;
			children = (
				8465BD502B7C03DD007EA1B6 /* Checkbox */,
				842CAEF02B7300F300472D9D /* Alert */,
				849A81122B34ECF100D4F3B6 /* Extensions */,
				849A811B2B3871B200D4F3B6 /* NewListVC */,
				849A810E2B34EAFB00D4F3B6 /* HomeVC */,
				84075B402B7511B200BAA48F /* ListsVC */,
				84FF13BB2B744F6700B6CC27 /* CoreDataModels */,
				849A80FA2B339BAB00D4F3B6 /* AppDelegate.swift */,
				849A80FC2B339BAB00D4F3B6 /* SceneDelegate.swift */,
				849A81032B339BAC00D4F3B6 /* Assets.xcassets */,
				849A81052B339BAC00D4F3B6 /* LaunchScreen.storyboard */,
				849A81082B339BAC00D4F3B6 /* Info.plist */,
				84FF138B2B744A2F00B6CC27 /* ListaComprasAppCoreData.xcdatamodeld */,
			);
			path = ListaComprasApp;
			sourceTree = "<group>";
		};
		849A810E2B34EAFB00D4F3B6 /* HomeVC */ = {
			isa = PBXGroup;
			children = (
				8415667A2B655FC9002EA446 /* Screen */,
				849A80FE2B339BAB00D4F3B6 /* HomeVC.swift */,
			);
			path = HomeVC;
			sourceTree = "<group>";
		};
		849A81122B34ECF100D4F3B6 /* Extensions */ = {
			isa = PBXGroup;
			children = (
				849A81132B34ED0F00D4F3B6 /* UIColor + Extension.swift */,
				849A81172B372A8600D4F3B6 /* UIView + Extension.swift */,
				849A81192B372D8700D4F3B6 /* UIButton + Extension.swift */,
				84B6C2A92B48953C000FC6BC /* UITextField + Extension.swift */,
			);
			path = Extensions;
			sourceTree = "<group>";
		};
		849A811B2B3871B200D4F3B6 /* NewListVC */ = {
			isa = PBXGroup;
			children = (
				8415667E2B66C043002EA446 /* ViewModel */,
				8415667B2B65601D002EA446 /* Cell */,
				841566792B655FBB002EA446 /* Screen */,
				849A811E2B3871FA00D4F3B6 /* NewListVC.swift */,
			);
			path = NewListVC;
			sourceTree = "<group>";
		};
		84FF13B92B744F3E00B6CC27 /* Product */ = {
			isa = PBXGroup;
			children = (
				844341372B7D649F00FACA26 /* Product+CoreDataClass.swift */,
				844341382B7D649F00FACA26 /* Product+CoreDataProperties.swift */,
			);
			path = Product;
			sourceTree = "<group>";
		};
		84FF13BA2B744F5300B6CC27 /* List */ = {
			isa = PBXGroup;
			children = (
				844341352B7D649F00FACA26 /* List+CoreDataClass.swift */,
				844341362B7D649F00FACA26 /* List+CoreDataProperties.swift */,
			);
			path = List;
			sourceTree = "<group>";
		};
		84FF13BB2B744F6700B6CC27 /* CoreDataModels */ = {
			isa = PBXGroup;
			children = (
				84FF13B92B744F3E00B6CC27 /* Product */,
				84FF13BA2B744F5300B6CC27 /* List */,
			);
			path = CoreDataModels;
			sourceTree = "<group>";
		};
/* End PBXGroup section */

/* Begin PBXNativeTarget section */
		849A80F62B339BAB00D4F3B6 /* ListaComprasApp */ = {
			isa = PBXNativeTarget;
			buildConfigurationList = 849A810B2B339BAC00D4F3B6 /* Build configuration list for PBXNativeTarget "ListaComprasApp" */;
			buildPhases = (
				849A80F32B339BAB00D4F3B6 /* Sources */,
				849A80F42B339BAB00D4F3B6 /* Frameworks */,
				849A80F52B339BAB00D4F3B6 /* Resources */,
			);
			buildRules = (
			);
			dependencies = (
			);
			name = ListaComprasApp;
			productName = ListaComprasApp;
			productReference = 849A80F72B339BAB00D4F3B6 /* ListaComprasApp.app */;
			productType = "com.apple.product-type.application";
		};
/* End PBXNativeTarget section */

/* Begin PBXProject section */
		849A80EF2B339BAB00D4F3B6 /* Project object */ = {
			isa = PBXProject;
			attributes = {
				BuildIndependentTargetsInParallel = 1;
				LastSwiftUpdateCheck = 1430;
				LastUpgradeCheck = 1520;
				TargetAttributes = {
					849A80F62B339BAB00D4F3B6 = {
						CreatedOnToolsVersion = 14.3.1;
					};
				};
			};
			buildConfigurationList = 849A80F22B339BAB00D4F3B6 /* Build configuration list for PBXProject "ListaComprasApp" */;
			compatibilityVersion = "Xcode 14.0";
			developmentRegion = en;
			hasScannedForEncodings = 0;
			knownRegions = (
				en,
				Base,
			);
			mainGroup = 849A80EE2B339BAB00D4F3B6;
			productRefGroup = 849A80F82B339BAB00D4F3B6 /* Products */;
			projectDirPath = "";
			projectRoot = "";
			targets = (
				849A80F62B339BAB00D4F3B6 /* ListaComprasApp */,
			);
		};
/* End PBXProject section */

/* Begin PBXResourcesBuildPhase section */
		849A80F52B339BAB00D4F3B6 /* Resources */ = {
			isa = PBXResourcesBuildPhase;
			buildActionMask = 2147483647;
			files = (
			);
			runOnlyForDeploymentPostprocessing = 0;
		};
/* End PBXResourcesBuildPhase section */

/* Begin PBXSourcesBuildPhase section */
		849A80F32B339BAB00D4F3B6 /* Sources */ = {
			isa = PBXSourcesBuildPhase;
			buildActionMask = 2147483647;
			files = (
				8443413C2B7D649F00FACA26 /* Product+CoreDataProperties.swift in Sources */,
				8451BE052B4777BF00089F8E /* NewListScreen.swift in Sources */,
				84075B482B75C15B00BAA48F /* ListsTableViewCell.swift in Sources */,
				84B6C2AA2B48953C000FC6BC /* UITextField + Extension.swift in Sources */,
				849A80FF2B339BAB00D4F3B6 /* HomeVC.swift in Sources */,
				8465BD522B7C0401007EA1B6 /* VKCheckbox.swift in Sources */,
				849A811F2B3871FA00D4F3B6 /* NewListVC.swift in Sources */,
				849A81162B3612C900D4F3B6 /* HomeScreen.swift in Sources */,
				8443413A2B7D649F00FACA26 /* List+CoreDataProperties.swift in Sources */,
				844341392B7D649F00FACA26 /* List+CoreDataClass.swift in Sources */,
				842CAEF22B7300FD00472D9D /* Alert.swift in Sources */,
				84FF138D2B744A2F00B6CC27 /* ListaComprasAppCoreData.xcdatamodeld in Sources */,
				8443413B2B7D649F00FACA26 /* Product+CoreDataClass.swift in Sources */,
				841566802B66C05D002EA446 /* NewListViewModel.swift in Sources */,
				849A81182B372A8600D4F3B6 /* UIView + Extension.swift in Sources */,
				84075B452B75149700BAA48F /* ListsScreen.swift in Sources */,
				849A80FB2B339BAB00D4F3B6 /* AppDelegate.swift in Sources */,
				849A811A2B372D8700D4F3B6 /* UIButton + Extension.swift in Sources */,
				84075B432B75120000BAA48F /* ListsVC.swift in Sources */,
				8415667D2B65603F002EA446 /* ProductsTableViewCell.swift in Sources */,
				849A80FD2B339BAB00D4F3B6 /* SceneDelegate.swift in Sources */,
				849A81142B34ED0F00D4F3B6 /* UIColor + Extension.swift in Sources */,
			);
			runOnlyForDeploymentPostprocessing = 0;
		};
/* End PBXSourcesBuildPhase section */

/* Begin PBXVariantGroup section */
		849A81052B339BAC00D4F3B6 /* LaunchScreen.storyboard */ = {
			isa = PBXVariantGroup;
			children = (
				849A81062B339BAC00D4F3B6 /* Base */,
			);
			name = LaunchScreen.storyboard;
			sourceTree = "<group>";
		};
/* End PBXVariantGroup section */

/* Begin XCBuildConfiguration section */
		849A81092B339BAC00D4F3B6 /* Debug */ = {
			isa = XCBuildConfiguration;
			buildSettings = {
				ALWAYS_SEARCH_USER_PATHS = NO;
				CLANG_ANALYZER_NONNULL = YES;
				CLANG_ANALYZER_NUMBER_OBJECT_CONVERSION = YES_AGGRESSIVE;
				CLANG_CXX_LANGUAGE_STANDARD = "gnu++20";
				CLANG_ENABLE_MODULES = YES;
				CLANG_ENABLE_OBJC_ARC = YES;
				CLANG_ENABLE_OBJC_WEAK = YES;
				CLANG_WARN_BLOCK_CAPTURE_AUTORELEASING = YES;
				CLANG_WARN_BOOL_CONVERSION = YES;
				CLANG_WARN_COMMA = YES;
				CLANG_WARN_CONSTANT_CONVERSION = YES;
				CLANG_WARN_DEPRECATED_OBJC_IMPLEMENTATIONS = YES;
				CLANG_WARN_DIRECT_OBJC_ISA_USAGE = YES_ERROR;
				CLANG_WARN_DOCUMENTATION_COMMENTS = YES;
				CLANG_WARN_EMPTY_BODY = YES;
				CLANG_WARN_ENUM_CONVERSION = YES;
				CLANG_WARN_INFINITE_RECURSION = YES;
				CLANG_WARN_INT_CONVERSION = YES;
				CLANG_WARN_NON_LITERAL_NULL_CONVERSION = YES;
				CLANG_WARN_OBJC_IMPLICIT_RETAIN_SELF = YES;
				CLANG_WARN_OBJC_LITERAL_CONVERSION = YES;
				CLANG_WARN_OBJC_ROOT_CLASS = YES_ERROR;
				CLANG_WARN_QUOTED_INCLUDE_IN_FRAMEWORK_HEADER = YES;
				CLANG_WARN_RANGE_LOOP_ANALYSIS = YES;
				CLANG_WARN_STRICT_PROTOTYPES = YES;
				CLANG_WARN_SUSPICIOUS_MOVE = YES;
				CLANG_WARN_UNGUARDED_AVAILABILITY = YES_AGGRESSIVE;
				CLANG_WARN_UNREACHABLE_CODE = YES;
				CLANG_WARN__DUPLICATE_METHOD_MATCH = YES;
				COPY_PHASE_STRIP = NO;
				DEBUG_INFORMATION_FORMAT = dwarf;
				ENABLE_STRICT_OBJC_MSGSEND = YES;
				ENABLE_TESTABILITY = YES;
				ENABLE_USER_SCRIPT_SANDBOXING = YES;
				GCC_C_LANGUAGE_STANDARD = gnu11;
				GCC_DYNAMIC_NO_PIC = NO;
				GCC_NO_COMMON_BLOCKS = YES;
				GCC_OPTIMIZATION_LEVEL = 0;
				GCC_PREPROCESSOR_DEFINITIONS = (
					"DEBUG=1",
					"$(inherited)",
				);
				GCC_WARN_64_TO_32_BIT_CONVERSION = YES;
				GCC_WARN_ABOUT_RETURN_TYPE = YES_ERROR;
				GCC_WARN_UNDECLARED_SELECTOR = YES;
				GCC_WARN_UNINITIALIZED_AUTOS = YES_AGGRESSIVE;
				GCC_WARN_UNUSED_FUNCTION = YES;
				GCC_WARN_UNUSED_VARIABLE = YES;
				IPHONEOS_DEPLOYMENT_TARGET = 16.4;
				MTL_ENABLE_DEBUG_INFO = INCLUDE_SOURCE;
				MTL_FAST_MATH = YES;
				ONLY_ACTIVE_ARCH = YES;
				SDKROOT = iphoneos;
				SWIFT_ACTIVE_COMPILATION_CONDITIONS = DEBUG;
				SWIFT_OPTIMIZATION_LEVEL = "-Onone";
			};
			name = Debug;
		};
		849A810A2B339BAC00D4F3B6 /* Release */ = {
			isa = XCBuildConfiguration;
			buildSettings = {
				ALWAYS_SEARCH_USER_PATHS = NO;
				CLANG_ANALYZER_NONNULL = YES;
				CLANG_ANALYZER_NUMBER_OBJECT_CONVERSION = YES_AGGRESSIVE;
				CLANG_CXX_LANGUAGE_STANDARD = "gnu++20";
				CLANG_ENABLE_MODULES = YES;
				CLANG_ENABLE_OBJC_ARC = YES;
				CLANG_ENABLE_OBJC_WEAK = YES;
				CLANG_WARN_BLOCK_CAPTURE_AUTORELEASING = YES;
				CLANG_WARN_BOOL_CONVERSION = YES;
				CLANG_WARN_COMMA = YES;
				CLANG_WARN_CONSTANT_CONVERSION = YES;
				CLANG_WARN_DEPRECATED_OBJC_IMPLEMENTATIONS = YES;
				CLANG_WARN_DIRECT_OBJC_ISA_USAGE = YES_ERROR;
				CLANG_WARN_DOCUMENTATION_COMMENTS = YES;
				CLANG_WARN_EMPTY_BODY = YES;
				CLANG_WARN_ENUM_CONVERSION = YES;
				CLANG_WARN_INFINITE_RECURSION = YES;
				CLANG_WARN_INT_CONVERSION = YES;
				CLANG_WARN_NON_LITERAL_NULL_CONVERSION = YES;
				CLANG_WARN_OBJC_IMPLICIT_RETAIN_SELF = YES;
				CLANG_WARN_OBJC_LITERAL_CONVERSION = YES;
				CLANG_WARN_OBJC_ROOT_CLASS = YES_ERROR;
				CLANG_WARN_QUOTED_INCLUDE_IN_FRAMEWORK_HEADER = YES;
				CLANG_WARN_RANGE_LOOP_ANALYSIS = YES;
				CLANG_WARN_STRICT_PROTOTYPES = YES;
				CLANG_WARN_SUSPICIOUS_MOVE = YES;
				CLANG_WARN_UNGUARDED_AVAILABILITY = YES_AGGRESSIVE;
				CLANG_WARN_UNREACHABLE_CODE = YES;
				CLANG_WARN__DUPLICATE_METHOD_MATCH = YES;
				COPY_PHASE_STRIP = NO;
				DEBUG_INFORMATION_FORMAT = "dwarf-with-dsym";
				ENABLE_NS_ASSERTIONS = NO;
				ENABLE_STRICT_OBJC_MSGSEND = YES;
				ENABLE_USER_SCRIPT_SANDBOXING = YES;
				GCC_C_LANGUAGE_STANDARD = gnu11;
				GCC_NO_COMMON_BLOCKS = YES;
				GCC_WARN_64_TO_32_BIT_CONVERSION = YES;
				GCC_WARN_ABOUT_RETURN_TYPE = YES_ERROR;
				GCC_WARN_UNDECLARED_SELECTOR = YES;
				GCC_WARN_UNINITIALIZED_AUTOS = YES_AGGRESSIVE;
				GCC_WARN_UNUSED_FUNCTION = YES;
				GCC_WARN_UNUSED_VARIABLE = YES;
				IPHONEOS_DEPLOYMENT_TARGET = 16.4;
				MTL_ENABLE_DEBUG_INFO = NO;
				MTL_FAST_MATH = YES;
				SDKROOT = iphoneos;
				SWIFT_COMPILATION_MODE = wholemodule;
				SWIFT_OPTIMIZATION_LEVEL = "-O";
				VALIDATE_PRODUCT = YES;
			};
			name = Release;
		};
		849A810C2B339BAC00D4F3B6 /* Debug */ = {
			isa = XCBuildConfiguration;
			buildSettings = {
				ASSETCATALOG_COMPILER_APPICON_NAME = AppIcon;
				ASSETCATALOG_COMPILER_GLOBAL_ACCENT_COLOR_NAME = AccentColor;
				CODE_SIGN_STYLE = Automatic;
				CURRENT_PROJECT_VERSION = 1;
				GENERATE_INFOPLIST_FILE = YES;
				INFOPLIST_FILE = ListaComprasApp/Info.plist;
				INFOPLIST_KEY_UIApplicationSupportsIndirectInputEvents = YES;
				INFOPLIST_KEY_UILaunchStoryboardName = LaunchScreen;
				INFOPLIST_KEY_UIMainStoryboardFile = "";
				INFOPLIST_KEY_UISupportedInterfaceOrientations_iPad = "UIInterfaceOrientationPortrait UIInterfaceOrientationPortraitUpsideDown UIInterfaceOrientationLandscapeLeft UIInterfaceOrientationLandscapeRight";
				INFOPLIST_KEY_UISupportedInterfaceOrientations_iPhone = "UIInterfaceOrientationPortrait UIInterfaceOrientationLandscapeLeft UIInterfaceOrientationLandscapeRight";
				LD_RUNPATH_SEARCH_PATHS = (
					"$(inherited)",
					"@executable_path/Frameworks",
				);
				MARKETING_VERSION = 1.0;
				PRODUCT_BUNDLE_IDENTIFIER = "Victor-Moreno.ListaComprasApp";
				PRODUCT_NAME = "$(TARGET_NAME)";
				SUPPORTED_PLATFORMS = "iphoneos iphonesimulator";
				SUPPORTS_MACCATALYST = NO;
				SUPPORTS_MAC_DESIGNED_FOR_IPHONE_IPAD = NO;
				SWIFT_EMIT_LOC_STRINGS = YES;
				SWIFT_VERSION = 5.0;
				TARGETED_DEVICE_FAMILY = 1;
			};
			name = Debug;
		};
		849A810D2B339BAC00D4F3B6 /* Release */ = {
			isa = XCBuildConfiguration;
			buildSettings = {
				ASSETCATALOG_COMPILER_APPICON_NAME = AppIcon;
				ASSETCATALOG_COMPILER_GLOBAL_ACCENT_COLOR_NAME = AccentColor;
				CODE_SIGN_STYLE = Automatic;
				CURRENT_PROJECT_VERSION = 1;
				GENERATE_INFOPLIST_FILE = YES;
				INFOPLIST_FILE = ListaComprasApp/Info.plist;
				INFOPLIST_KEY_UIApplicationSupportsIndirectInputEvents = YES;
				INFOPLIST_KEY_UILaunchStoryboardName = LaunchScreen;
				INFOPLIST_KEY_UIMainStoryboardFile = "";
				INFOPLIST_KEY_UISupportedInterfaceOrientations_iPad = "UIInterfaceOrientationPortrait UIInterfaceOrientationPortraitUpsideDown UIInterfaceOrientationLandscapeLeft UIInterfaceOrientationLandscapeRight";
				INFOPLIST_KEY_UISupportedInterfaceOrientations_iPhone = "UIInterfaceOrientationPortrait UIInterfaceOrientationLandscapeLeft UIInterfaceOrientationLandscapeRight";
				LD_RUNPATH_SEARCH_PATHS = (
					"$(inherited)",
					"@executable_path/Frameworks",
				);
				MARKETING_VERSION = 1.0;
				PRODUCT_BUNDLE_IDENTIFIER = "Victor-Moreno.ListaComprasApp";
				PRODUCT_NAME = "$(TARGET_NAME)";
				SUPPORTED_PLATFORMS = "iphoneos iphonesimulator";
				SUPPORTS_MACCATALYST = NO;
				SUPPORTS_MAC_DESIGNED_FOR_IPHONE_IPAD = NO;
				SWIFT_EMIT_LOC_STRINGS = YES;
				SWIFT_VERSION = 5.0;
				TARGETED_DEVICE_FAMILY = 1;
			};
			name = Release;
		};
/* End XCBuildConfiguration section */

/* Begin XCConfigurationList section */
		849A80F22B339BAB00D4F3B6 /* Build configuration list for PBXProject "ListaComprasApp" */ = {
			isa = XCConfigurationList;
			buildConfigurations = (
				849A81092B339BAC00D4F3B6 /* Debug */,
				849A810A2B339BAC00D4F3B6 /* Release */,
			);
			defaultConfigurationIsVisible = 0;
			defaultConfigurationName = Release;
		};
		849A810B2B339BAC00D4F3B6 /* Build configuration list for PBXNativeTarget "ListaComprasApp" */ = {
			isa = XCConfigurationList;
			buildConfigurations = (
				849A810C2B339BAC00D4F3B6 /* Debug */,
				849A810D2B339BAC00D4F3B6 /* Release */,
			);
			defaultConfigurationIsVisible = 0;
			defaultConfigurationName = Release;
		};
/* End XCConfigurationList section */

/* Begin XCVersionGroup section */
		84FF138B2B744A2F00B6CC27 /* ListaComprasAppCoreData.xcdatamodeld */ = {
			isa = XCVersionGroup;
			children = (
				84FF138C2B744A2F00B6CC27 /* ListaComprasAppCoreData.xcdatamodel */,
			);
			currentVersion = 84FF138C2B744A2F00B6CC27 /* ListaComprasAppCoreData.xcdatamodel */;
			path = ListaComprasAppCoreData.xcdatamodeld;
			sourceTree = "<group>";
			versionGroupType = wrapper.xcdatamodel;
		};
/* End XCVersionGroup section */
	};
	rootObject = 849A80EF2B339BAB00D4F3B6 /* Project object */;
}
